Microsoft Visual Studio Solution File, Format Version 12.00
Project("{FAE04EC0-301F-11D3-BF4B-00C04F79EFBC}") = "MinionLib", "MinionLib.csproj", "{BAC1DA88-1ECF-4D17-AA47-A2B18A495899}"
EndProject
Project("{FAE04EC0-301F-11D3-BF4B-00C04F79EFBC}") = "MinionLib.Generators", "MinionLib.Generators\MinionLib.Generators.csproj", "{4E8FBF3E-E512-41A5-9B7C-B496DEAEDC7B}"
EndProject
Project("{FAE04EC0-301F-11D3-BF4B-00C04F79EFBC}") = "MinionLib.Example", "MinionLib.Example\MinionLib.Example.csproj", "{85345BD7-FA6F-4306-AD9F-9E85FD732755}"
EndProject
Project("{FAE04EC0-301F-11D3-BF4B-00C04F79EFBC}") = "MinionLib.BaseLibCompat", "MinionLib.BaseLibCompat\MinionLib.BaseLibCompat.csproj", "{DFBB57AE-D3C8-41B9-9834-9B707A18EF5B}"
EndProject
Project("{FAE04EC0-301F-11D3-BF4B-00C04F79EFBC}") = "MinionLib.RitsuCompat", "MinionLib.RitsuCompat\MinionLib.RitsuCompat.csproj", "{58F5A9FC-35A2-4850-9A94-B156A141BC98}"
EndProject
Global
	GlobalSection(SolutionConfigurationPlatforms) = preSolution
		Debug|Any CPU = Debug|Any CPU
		ExportDebug|Any CPU = ExportDebug|Any CPU
		ExportRelease|Any CPU = ExportRelease|Any CPU
	EndGlobalSection
	GlobalSection(ProjectConfigurationPlatforms) = postSolution
		{BAC1DA88-1ECF-4D17-AA47-A2B18A495899}.Debug|Any CPU.ActiveCfg = Debug|Any CPU
		{BAC1DA88-1ECF-4D17-AA47-A2B18A495899}.Debug|Any CPU.Build.0 = Debug|Any CPU
		{BAC1DA88-1ECF-4D17-AA47-A2B18A495899}.ExportDebug|Any CPU.ActiveCfg = ExportDebug|Any CPU
		{BAC1DA88-1ECF-4D17-AA47-A2B18A495899}.ExportDebug|Any CPU.Build.0 = ExportDebug|Any CPU
		{BAC1DA88-1ECF-4D17-AA47-A2B18A495899}.ExportRelease|Any CPU.ActiveCfg = ExportRelease|Any CPU
		{BAC1DA88-1ECF-4D17-AA47-A2B18A495899}.ExportRelease|Any CPU.Build.0 = ExportRelease|Any CPU
		{4E8FBF3E-E512-41A5-9B7C-B496DEAEDC7B}.Debug|Any CPU.ActiveCfg = Debug|Any CPU
		{4E8FBF3E-E512-41A5-9B7C-B496DEAEDC7B}.Debug|Any CPU.Build.0 = Debug|Any CPU
		{4E8FBF3E-E512-41A5-9B7C-B496DEAEDC7B}.ExportDebug|Any CPU.ActiveCfg = ExportDebug|Any CPU
		{4E8FBF3E-E512-41A5-9B7C-B496DEAEDC7B}.ExportDebug|Any CPU.Build.0 = ExportDebug|Any CPU
		{4E8FBF3E-E512-41A5-9B7C-B496DEAEDC7B}.ExportRelease|Any CPU.ActiveCfg = ExportRelease|Any CPU
		{4E8FBF3E-E512-41A5-9B7C-B496DEAEDC7B}.ExportRelease|Any CPU.Build.0 = ExportRelease|Any CPU
		{85345BD7-FA6F-4306-AD9F-9E85FD732755}.Debug|Any CPU.ActiveCfg = Debug|Any CPU
		{85345BD7-FA6F-4306-AD9F-9E85FD732755}.Debug|Any CPU.Build.0 = Debug|Any CPU
		{DFBB57AE-D3C8-41B9-9834-9B707A18EF5B}.Debug|Any CPU.ActiveCfg = Debug|Any CPU
		{DFBB57AE-D3C8-41B9-9834-9B707A18EF5B}.Debug|Any CPU.Build.0 = Debug|Any CPU
		{DFBB57AE-D3C8-41B9-9834-9B707A18EF5B}.ExportDebug|Any CPU.ActiveCfg = ExportDebug|Any CPU
		{DFBB57AE-D3C8-41B9-9834-9B707A18EF5B}.ExportDebug|Any CPU.Build.0 = ExportDebug|Any CPU
		{DFBB57AE-D3C8-41B9-9834-9B707A18EF5B}.ExportRelease|Any CPU.ActiveCfg = ExportRelease|Any CPU
		{DFBB57AE-D3C8-41B9-9834-9B707A18EF5B}.ExportRelease|Any CPU.Build.0 = ExportRelease|Any CPU
		{58F5A9FC-35A2-4850-9A94-B156A141BC98}.Debug|Any CPU.ActiveCfg = Debug|Any CPU
		{58F5A9FC-35A2-4850-9A94-B156A141BC98}.Debug|Any CPU.Build.0 = Debug|Any CPU
		{58F5A9FC-35A2-4850-9A94-B156A141BC98}.ExportDebug|Any CPU.ActiveCfg = ExportDebug|Any CPU
		{58F5A9FC-35A2-4850-9A94-B156A141BC98}.ExportDebug|Any CPU.Build.0 = ExportDebug|Any CPU
		{58F5A9FC-35A2-4850-9A94-B156A141BC98}.ExportRelease|Any CPU.ActiveCfg = ExportRelease|Any CPU
		{58F5A9FC-35A2-4850-9A94-B156A141BC98}.ExportRelease|Any CPU.Build.0 = ExportRelease|Any CPU
	EndGlobalSection
EndGlobal
